
Microsoft Visual Studio Solution File, Format Version 12.00
# Visual Studio Version 17
VisualStudioVersion = 17.9.34723.18
MinimumVisualStudioVersion = 10.0.40219.1
Project("{FAE04EC0-301F-11D3-BF4B-00C04F79EFBC}") = "SistemaRestaurante", "SistemaRestaurante\SistemaRestaurante.csproj", "{69802EDE-E311-44C2-9B35-17FC09E5E328}"
EndProject
Global
	GlobalSection(SolutionConfigurationPlatforms) = preSolution
		Debug|Any CPU = Debug|Any CPU
		Release|Any CPU = Release|Any CPU
	EndGlobalSection
	GlobalSection(ProjectConfigurationPlatforms) = postSolution
		{69802EDE-E311-44C2-9B35-17FC09E5E328}.Debug|Any CPU.ActiveCfg = Debug|Any CPU
		{69802EDE-E311-44C2-9B35-17FC09E5E328}.Debug|Any CPU.Build.0 = Debug|Any CPU
		{69802EDE-E311-44C2-9B35-17FC09E5E328}.Release|Any CPU.ActiveCfg = Release|Any CPU
		{69802EDE-E311-44C2-9B35-17FC09E5E328}.Release|Any CPU.Build.0 = Release|Any CPU
	EndGlobalSection
	GlobalSection(SolutionProperties) = preSolution
		HideSolutionNode = FALSE
	EndGlobalSection
	GlobalSection(ExtensibilityGlobals) = postSolution
		SolutionGuid = {D415CD5C-EEE4-4F74-84AB-69184F31290C}
	EndGlobalSection
EndGlobal
